{
  "nodes": {
    "nixCats": {
      "locked": {
        "lastModified": 1742825429,
        "narHash": "sha256-Sz8jVFPYYJMyFTg0vQbJf59hYJuWi6DKlOFkTh+EILs=",
        "owner": "BirdeeHub",
        "repo": "nixCats-nvim",
        "rev": "636b79fe610aa0481fc3f7f9344352a98d51fad9",
        "type": "github"
      },
      "original": {
        "owner": "BirdeeHub",
        "repo": "nixCats-nvim",
        "type": "github"
      }
    },
    "nixpkgs": {
      "locked": {
        "lastModified": 1742707865,
        "narHash": "sha256-RVQQZy38O3Zb8yoRJhuFgWo/iDIDj0hEdRTVfhOtzRk=",
        "owner": "nixos",
        "repo": "nixpkgs",
        "rev": "dd613136ee91f67e5dba3f3f41ac99ae89c5406b",
        "type": "github"
      },
      "original": {
        "owner": "nixos",
        "ref": "nixpkgs-unstable",
        "repo": "nixpkgs",
        "type": "github"
      }
    },
    "root": {
      "inputs": {
        "nixCats": "nixCats",
        "nixpkgs": "nixpkgs"
      }
    }
  },
  "root": "root",
  "version": 7
}
